
Microsoft Visual Studio Solution File, Format Version 12.00
# Visual Studio 14
VisualStudioVersion = 14.0.25420.1
MinimumVisualStudioVersion = 10.0.40219.1
Project("{FAE04EC0-301F-11D3-BF4B-00C04F79EFBC}") = "Grades", "Grades\Grades.csproj", "{814E367A-EAB6-45C9-B659-A8216F49BB65}"
EndProject
Project("{FAE04EC0-301F-11D3-BF4B-00C04F79EFBC}") = "Grades.Tests", "Grades.Tests\Grades.Tests.csproj", "{98D4E6BC-FD4E-473E-82C7-466327ADB51D}"
EndProject
Global
	GlobalSection(SolutionConfigurationPlatforms) = preSolution
		Debug|Any CPU = Debug|Any CPU
		Release|Any CPU = Release|Any CPU
	EndGlobalSection
	GlobalSection(ProjectConfigurationPlatforms) = postSolution
		{814E367A-EAB6-45C9-B659-A8216F49BB65}.Debug|Any CPU.ActiveCfg = Debug|Any CPU
		{814E367A-EAB6-45C9-B659-A8216F49BB65}.Debug|Any CPU.Build.0 = Debug|Any CPU
		{814E367A-EAB6-45C9-B659-A8216F49BB65}.Release|Any CPU.ActiveCfg = Release|Any CPU
		{814E367A-EAB6-45C9-B659-A8216F49BB65}.Release|Any CPU.Build.0 = Release|Any CPU
		{98D4E6BC-FD4E-473E-82C7-466327ADB51D}.Debug|Any CPU.ActiveCfg = Debug|Any CPU
		{98D4E6BC-FD4E-473E-82C7-466327ADB51D}.Debug|Any CPU.Build.0 = Debug|Any CPU
		{98D4E6BC-FD4E-473E-82C7-466327ADB51D}.Release|Any CPU.ActiveCfg = Release|Any CPU
		{98D4E6BC-FD4E-473E-82C7-466327ADB51D}.Release|Any CPU.Build.0 = Release|Any CPU
	EndGlobalSection
	GlobalSection(SolutionProperties) = preSolution
		HideSolutionNode = FALSE
	EndGlobalSection
EndGlobal
